
Microsoft Visual Studio Solution File, Format Version 12.00
# Visual Studio Version 17
VisualStudioVersion = 17.3.32825.248
MinimumVisualStudioVersion = 10.0.40219.1
Project("{FAE04EC0-301F-11D3-BF4B-00C04F79EFBC}") = "Console-Based Calculator", "Console-Based Calculator.csproj", "{4875600B-F458-4935-8C63-14239830D6E3}"
EndProject
Global
	GlobalSection(SolutionConfigurationPlatforms) = preSolution
		Debug|Any CPU = Debug|Any CPU
		Release|Any CPU = Release|Any CPU
	EndGlobalSection
	GlobalSection(ProjectConfigurationPlatforms) = postSolution
		{4875600B-F458-4935-8C63-14239830D6E3}.Debug|Any CPU.ActiveCfg = Debug|Any CPU
		{4875600B-F458-4935-8C63-14239830D6E3}.Debug|Any CPU.Build.0 = Debug|Any CPU
		{4875600B-F458-4935-8C63-14239830D6E3}.Release|Any CPU.ActiveCfg = Release|Any CPU
		{4875600B-F458-4935-8C63-14239830D6E3}.Release|Any CPU.Build.0 = Release|Any CPU
	EndGlobalSection
	GlobalSection(SolutionProperties) = preSolution
		HideSolutionNode = FALSE
	EndGlobalSection
	GlobalSection(ExtensibilityGlobals) = postSolution
		SolutionGuid = {5FA26D12-4F81-4CE6-9DA6-43DCB1A240E8}
	EndGlobalSection
EndGlobal
